version = 1
revision = 3
requires-python = ">=3.12"

[[package]]
name = "boto3"
version = "1.40.40"
source = { registry = "https://pypi.org/simple" }
dependencies = [
    { name = "botocore" },
    { name = "jmespath" },
    { name = "s3transfer" },
]
sdist = { url = "https://files.pythonhosted.org/packages/3c/12/1a31b36802d0f33bc6982ab8b7e6437d75ef3c179abe6c53d4d8f7b4248f/boto3-1.40.40.tar.gz", hash = "sha256:f384d3a0410d0f1a4d4ae7aa69c41d0549c6ca5a76667dc25fc97d50ad6db740", size = 111606, upload-time = "2025-09-26T19:23:46.923Z" }
wheels = [
    { url = "https://files.pythonhosted.org/packages/90/69/c65566dbdaaea3af0c23f7731ab0f185a38b593fd449d2423374150dbfe0/boto3-1.40.40-py3-none-any.whl", hash = "sha256:385904de68623e1c341bdc095d94a30006843032c912adeb1e0752a343632ec6", size = 139340, upload-time = "2025-09-26T19:23:45.557Z" },
]

[[package]]
name = "botocore"
version = "1.40.40"
source = { registry = "https://pypi.org/simple" }
dependencies = [
    { name = "jmespath" },
    { name = "python-dateutil" },
    { name = "urllib3" },
]
sdist = { url = "https://files.pythonhosted.org/packages/83/5a/43a7fea503ad14fa79819f2b3103a38977fb587a3663d1ac6e958fccf592/botocore-1.40.40.tar.gz", hash = "sha256:78eb121a16a6481ed0f6e1aebe53a4f23aa121f34466846c13a5ca48fa980e31", size = 14363370, upload-time = "2025-09-26T19:23:37.853Z" }
wheels = [
    { url = "https://files.pythonhosted.org/packages/ed/5e/3bbf6d34cbf307c1b9e58e0204ceba2d35bbc0c93b4e3b3cc895aae0a5fd/botocore-1.40.40-py3-none-any.whl", hash = "sha256:68506142b3cde93145ef3ee0268f2444f2b68ada225a151f714092bbd3d6516a", size = 14031738, upload-time = "2025-09-26T19:23:35.475Z" },
]

[[package]]
name = "certifi"
version = "2025.8.3"
source = { registry = "https://pypi.org/simple" }
sdist = { url = "https://files.pythonhosted.org/packages/dc/67/960ebe6bf230a96cda2e0abcf73af550ec4f090005363542f0765df162e0/certifi-2025.8.3.tar.gz", hash = "sha256:e564105f78ded564e3ae7c923924435e1daa7463faeab5bb932bc53ffae63407", size = 162386, upload-time = "2025-08-03T03:07:47.08Z" }
wheels = [
    { url = "https://files.pythonhosted.org/packages/e5/48/1549795ba7742c948d2ad169c1c8cdbae65bc450d6cd753d124b17c8cd32/certifi-2025.8.3-py3-none-any.whl", hash = "sha256:f6c12493cfb1b06ba2ff328595af9350c65d6644968e5d3a2ffd78699af217a5", size = 161216, upload-time = "2025-08-03T03:07:45.777Z" },
]

[[package]]
name = "confluent-kafka"
version = "2.11.1"
source = { registry = "https://pypi.org/simple" }
sdist = { url = "https://files.pythonhosted.org/packages/e1/e4/cd2dc58cd583788a362c2d59d179a6537b81c3bf70c6a1907c508117ca77/confluent_kafka-2.11.1.tar.gz", hash = "sha256:a9366d9dc07a527ed0dcef9c24ba38238cf9dc63c3f53b79da15d45ce4459166", size = 227194, upload-time = "2025-08-18T21:27:48.103Z" }
wheels = [
    { url = "https://files.pythonhosted.org/packages/8a/c5/708f138c14f2b3a6f47485c632be8207e896912e5001f2ef048db5c41c2e/confluent_kafka-2.11.1-cp312-cp312-macosx_10_9_x86_64.whl", hash = "sha256:2c8e2e2d26ac58037d710f49c0ced0db5af88bc4e7714e65310a6855de3f7f73", size = 3596299, upload-time = "2025-08-18T21:26:40.559Z" },
    { url = "https://files.pythonhosted.org/packages/25/7e/93e0c618e5abc2df9e9c8e512fb264fe60144e12f32f03f79d98ae46c736/confluent_kafka-2.11.1-cp312-cp312-macosx_11_0_arm64.whl", hash = "sha256:44bc1bfcfb71ca0f5ab71312a8735678b3132e8f89fbed70285aaf1b5234e4f3", size = 3123982, upload-time = "2025-08-18T21:26:42.231Z" },
    { url = "https://files.pythonhosted.org/packages/03/eb/9e0b3cb9914e7ad112caa4edddf19e342f704631e6808a1c97f93b024c1c/confluent_kafka-2.11.1-cp312-cp312-manylinux_2_28_aarch64.whl", hash = "sha256:bc6842dc30ef258e4c5b7c6e322d992cd001b6e319838aa7a6ec210374e16830", size = 15380670, upload-time = "2025-08-18T21:26:44.777Z" },
    { url = "https://files.pythonhosted.org/packages/c6/01/f95547a5eeaf5253b299026633b521732eee58a58f9cfe4cc7f602d204f8/confluent_kafka-2.11.1-cp312-cp312-manylinux_2_28_x86_64.whl", hash = "sha256:3e01607c3613863fb0f4f86c7fc3421c4af6f70686bf903ab475c113dfacb372", size = 3916459, upload-time = "2025-08-18T21:26:48.014Z" },
    { url = "https://files.pythonhosted.org/packages/d1/d4/2a65ada2015364a9791e55697beaddc00a42e2943c5b90e6349da80ede4e/confluent_kafka-2.11.1-cp312-cp312-win_amd64.whl", hash = "sha256:4b4c371090ded6084c893a51e8aba19bc8ae6ce9c019658cb11fab82b3e93458", size = 4038551, upload-time = "2025-08-18T21:26:50.469Z" },
    { url = "https://files.pythonhosted.org/packages/52/54/6c790187fce06fb84741f21bf25a9435385a891b8a3b73b4fb5a1bf71d6f/confluent_kafka-2.11.1-cp313-cp313-macosx_13_0_arm64.whl", hash = "sha256:9618041f031320e113f9dc533c0dbd1d768dd008855ae4be1ed21148442f146e", size = 3128480, upload-time = "2025-08-18T21:26:52.688Z" },
    { url = "https://files.pythonhosted.org/packages/d5/40/aa219be95629a1da072996edae96c4db82a72f1e3610cd490f8c9aa57799/confluent_kafka-2.11.1-cp313-cp313-macosx_13_0_x86_64.whl", hash = "sha256:4f8d9dee49975a63b31dd71f0a0b4d3a2af9754a21d18d218fec6c0d9cb6eea3", size = 3599681, upload-time = "2025-08-18T21:26:54.942Z" },
    { url = "https://files.pythonhosted.org/packages/ba/0c/29616e188b1c8a1e3fc24a3a9b5d0340591d246ee097706945f89ecb49a2/confluent_kafka-2.11.1-cp313-cp313-manylinux_2_28_aarch64.whl", hash = "sha256:e173c3e021bd525c14ea107a960c467d9fc7fe7e7d72cde1308bcddd58774f86", size = 15381089, upload-time = "2025-08-18T21:26:59.278Z" },
    { url = "https://files.pythonhosted.org/packages/e8/34/1145c73d4ab35ce71ce8fcc9238a59fddb304de01dbf8a10039ab8ff55ea/confluent_kafka-2.11.1-cp313-cp313-manylinux_2_28_x86_64.whl", hash = "sha256:639b7b776dc1d830b0ee4188487c54977fe7d5bf70befbdcf222ac9e1b72ab7e", size = 3916834, upload-time = "2025-08-18T21:27:02.376Z" },
    { url = "https://files.pythonhosted.org/packages/af/a3/77a5d2bbd20808ed571844e5de40b3422261824f66a20a5f3e0f44aa1061/confluent_kafka-2.11.1-cp313-cp313-win_amd64.whl", hash = "sha256:09f7703fe54429911f7d1cdf62c3044c4b7eaefa0af9d2dbcf4b513d97673380", size = 4098185, upload-time = "2025-08-18T21:27:04.82Z" },
    { url = "https://files.pythonhosted.org/packages/b1/70/8f56755827e9423777571116518127c9b2f357299f082ed386898f63740a/confluent_kafka-2.11.1-cp313-cp313t-manylinux_2_28_aarch64.whl", hash = "sha256:bc6eceedf0cda75ea666899d972ca9c68b529f1ff36ed99f5f15503d0d08d1b3", size = 15379674, upload-time = "2025-08-18T21:27:09.249Z" },
]

[[package]]
name = "elastic-transport"
version = "9.1.0"
source = { registry = "https://pypi.org/simple" }
dependencies = [
    { name = "certifi" },
    { name = "urllib3" },
]
sdist = { url = "https://files.pythonhosted.org/packages/ae/1f/2d1a1790df2b75e1e1eb90d8a3fe066a47ef95e34430657447e549cc274c/elastic_transport-9.1.0.tar.gz", hash = "sha256:1590e44a25b0fe208107d5e8d7dea15c070525f3ac9baafbe4cb659cd14f073d", size = 76483, upload-time = "2025-07-24T16:41:31.017Z" }
wheels = [
    { url = "https://files.pythonhosted.org/packages/ef/5d/dd5a919dd887fe20a91f18faf5b4345ee3a058e483d2aa84cef0f2567e17/elastic_transport-9.1.0-py3-none-any.whl", hash = "sha256:369fa56874c74daae4ea10cbf40636d139f38f42bec0e006b9cd45a168ee7fce", size = 65142, upload-time = "2025-07-24T16:41:29.648Z" },
]

[[package]]
name = "elasticsearch"
version = "9.1.1"
source = { registry = "https://pypi.org/simple" }
dependencies = [
    { name = "elastic-transport" },
    { name = "python-dateutil" },
    { name = "typing-extensions" },
]
sdist = { url = "https://files.pythonhosted.org/packages/59/6a/5eecef6f1ac8005b04714405cb65971d46031bd897e47c29af86e0f87353/elasticsearch-9.1.1.tar.gz", hash = "sha256:be20acda2a97591a9a6cf4981fc398ee6fca3291cf9e7a9e52b6a9f41a46d393", size = 857802, upload-time = "2025-09-12T13:27:38.62Z" }
wheels = [
    { url = "https://files.pythonhosted.org/packages/cf/4c/c0c95d3d881732a5d1b28e12c9be4dea5953ade71810f94565bd5bd2101a/elasticsearch-9.1.1-py3-none-any.whl", hash = "sha256:2a5c27c57ca3dd3365f665c82c9dcd8666ccfb550d5b07c688c21ec636c104e5", size = 937483, upload-time = "2025-09-12T13:27:34.948Z" },
]

[[package]]
name = "faker"
version = "37.8.0"
source = { registry = "https://pypi.org/simple" }
dependencies = [
    { name = "tzdata" },
]
sdist = { url = "https://files.pythonhosted.org/packages/3a/da/1336008d39e5d4076dddb4e0f3a52ada41429274bf558a3cc28030d324a3/faker-37.8.0.tar.gz", hash = "sha256:090bb5abbec2b30949a95ce1ba6b20d1d0ed222883d63483a0d4be4a970d6fb8", size = 1912113, upload-time = "2025-09-15T20:24:13.592Z" }
wheels = [
    { url = "https://files.pythonhosted.org/packages/f5/11/02ebebb09ff2104b690457cb7bc6ed700c9e0ce88cf581486bb0a5d3c88b/faker-37.8.0-py3-none-any.whl", hash = "sha256:b08233118824423b5fc239f7dd51f145e7018082b4164f8da6a9994e1f1ae793", size = 1953940, upload-time = "2025-09-15T20:24:11.482Z" },
]

[[package]]
name = "jmespath"
version = "1.0.1"
source = { registry = "https://pypi.org/simple" }
sdist = { url = "https://files.pythonhosted.org/packages/00/2a/e867e8531cf3e36b41201936b7fa7ba7b5702dbef42922193f05c8976cd6/jmespath-1.0.1.tar.gz", hash = "sha256:90261b206d6defd58fdd5e85f478bf633a2901798906be2ad389150c5c60edbe", size = 25843, upload-time = "2022-06-17T18:00:12.224Z" }
wheels = [
    { url = "https://files.pythonhosted.org/packages/31/b4/b9b800c45527aadd64d5b442f9b932b00648617eb5d63d2c7a6587b7cafc/jmespath-1.0.1-py3-none-any.whl", hash = "sha256:02e2e4cc71b5bcab88332eebf907519190dd9e6e82107fa7f83b1003a6252980", size = 20256, upload-time = "2022-06-17T18:00:10.251Z" },
]

[[package]]
name = "mwaa"
version = "0.1.0"
source = { virtual = "." }
dependencies = [
    { name = "boto3" },
    { name = "confluent-kafka" },
    { name = "elasticsearch" },
    { name = "faker" },
]

[package.metadata]
requires-dist = [
    { name = "boto3", specifier = ">=1.40.40" },
    { name = "confluent-kafka", specifier = ">=2.11.1" },
    { name = "elasticsearch", specifier = ">=9.1.1" },
    { name = "faker", specifier = ">=37.8.0" },
]

[[package]]
name = "python-dateutil"
version = "2.9.0.post0"
source = { registry = "https://pypi.org/simple" }
dependencies = [
    { name = "six" },
]
sdist = { url = "https://files.pythonhosted.org/packages/66/c0/0c8b6ad9f17a802ee498c46e004a0eb49bc148f2fd230864601a86dcf6db/python-dateutil-2.9.0.post0.tar.gz", hash = "sha256:37dd54208da7e1cd875388217d5e00ebd4179249f90fb72437e91a35459a0ad3", size = 342432, upload-time = "2024-03-01T18:36:20.211Z" }
wheels = [
    { url = "https://files.pythonhosted.org/packages/ec/57/56b9bcc3c9c6a792fcbaf139543cee77261f3651ca9da0c93f5c1221264b/python_dateutil-2.9.0.post0-py2.py3-none-any.whl", hash = "sha256:a8b2bc7bffae282281c8140a97d3aa9c14da0b136dfe83f850eea9a5f7470427", size = 229892, upload-time = "2024-03-01T18:36:18.57Z" },
]

[[package]]
name = "s3transfer"
version = "0.14.0"
source = { registry = "https://pypi.org/simple" }
dependencies = [
    { name = "botocore" },
]
sdist = { url = "https://files.pythonhosted.org/packages/62/74/8d69dcb7a9efe8baa2046891735e5dfe433ad558ae23d9e3c14c633d1d58/s3transfer-0.14.0.tar.gz", hash = "sha256:eff12264e7c8b4985074ccce27a3b38a485bb7f7422cc8046fee9be4983e4125", size = 151547, upload-time = "2025-09-09T19:23:31.089Z" }
wheels = [
    { url = "https://files.pythonhosted.org/packages/48/f0/ae7ca09223a81a1d890b2557186ea015f6e0502e9b8cb8e1813f1d8cfa4e/s3transfer-0.14.0-py3-none-any.whl", hash = "sha256:ea3b790c7077558ed1f02a3072fb3cb992bbbd253392f4b6e9e8976941c7d456", size = 85712, upload-time = "2025-09-09T19:23:30.041Z" },
]

[[package]]
name = "six"
version = "1.17.0"
source = { registry = "https://pypi.org/simple" }
sdist = { url = "https://files.pythonhosted.org/packages/94/e7/b2c673351809dca68a0e064b6af791aa332cf192da575fd474ed7d6f16a2/six-1.17.0.tar.gz", hash = "sha256:ff70335d468e7eb6ec65b95b99d3a2836546063f63acc5171de367e834932a81", size = 34031, upload-time = "2024-12-04T17:35:28.174Z" }
wheels = [
    { url = "https://files.pythonhosted.org/packages/b7/ce/149a00dd41f10bc29e5921b496af8b574d8413afcd5e30dfa0ed46c2cc5e/six-1.17.0-py2.py3-none-any.whl", hash = "sha256:4721f391ed90541fddacab5acf947aa0d3dc7d27b2e1e8eda2be8970586c3274", size = 11050, upload-time = "2024-12-04T17:35:26.475Z" },
]

[[package]]
name = "typing-extensions"
version = "4.15.0"
source = { registry = "https://pypi.org/simple" }
sdist = { url = "https://files.pythonhosted.org/packages/72/94/1a15dd82efb362ac84269196e94cf00f187f7ed21c242792a923cdb1c61f/typing_extensions-4.15.0.tar.gz", hash = "sha256:0cea48d173cc12fa28ecabc3b837ea3cf6f38c6d1136f85cbaaf598984861466", size = 109391, upload-time = "2025-08-25T13:49:26.313Z" }
wheels = [
    { url = "https://files.pythonhosted.org/packages/18/67/36e9267722cc04a6b9f15c7f3441c2363321a3ea07da7ae0c0707beb2a9c/typing_extensions-4.15.0-py3-none-any.whl", hash = "sha256:f0fa19c6845758ab08074a0cfa8b7aecb71c999ca73d62883bc25cc018c4e548", size = 44614, upload-time = "2025-08-25T13:49:24.86Z" },
]

[[package]]
name = "tzdata"
version = "2025.2"
source = { registry = "https://pypi.org/simple" }
sdist = { url = "https://files.pythonhosted.org/packages/95/32/1a225d6164441be760d75c2c42e2780dc0873fe382da3e98a2e1e48361e5/tzdata-2025.2.tar.gz", hash = "sha256:b60a638fcc0daffadf82fe0f57e53d06bdec2f36c4df66280ae79bce6bd6f2b9", size = 196380, upload-time = "2025-03-23T13:54:43.652Z" }
wheels = [
    { url = "https://files.pythonhosted.org/packages/5c/23/c7abc0ca0a1526a0774eca151daeb8de62ec457e77262b66b359c3c7679e/tzdata-2025.2-py2.py3-none-any.whl", hash = "sha256:1a403fada01ff9221ca8044d701868fa132215d84beb92242d9acd2147f667a8", size = 347839, upload-time = "2025-03-23T13:54:41.845Z" },
]

[[package]]
name = "urllib3"
version = "2.5.0"
source = { registry = "https://pypi.org/simple" }
sdist = { url = "https://files.pythonhosted.org/packages/15/22/9ee70a2574a4f4599c47dd506532914ce044817c7752a79b6a51286319bc/urllib3-2.5.0.tar.gz", hash = "sha256:3fc47733c7e419d4bc3f6b3dc2b4f890bb743906a30d56ba4a5bfa4bbff92760", size = 393185, upload-time = "2025-06-18T14:07:41.644Z" }
wheels = [
    { url = "https://files.pythonhosted.org/packages/a7/c2/fe1e52489ae3122415c51f387e221dd0773709bad6c6cdaa599e8a2c5185/urllib3-2.5.0-py3-none-any.whl", hash = "sha256:e6b01673c0fa6a13e374b50871808eb3bf7046c4b125b216f6bf1cc604cff0dc", size = 129795, upload-time = "2025-06-18T14:07:40.39Z" },
]
